{
  "pins" : [
    {
      "identity" : "generative-ai-swift",
      "kind" : "remoteSourceControl",
      "location" : "https://github.com/google/generative-ai-swift",
      "state" : {
        "revision" : "dcbdb5e591e1aa2bb68851dc7515f6b0a59026cd",
        "version" : "0.4.7"
      }
    }
  ],
  "version" : 2
}
